
Microsoft Visual Studio Solution File, Format Version 12.00
# Visual Studio Version 17
VisualStudioVersion = 17.3.32825.248
MinimumVisualStudioVersion = 10.0.40219.1
Project("{FAE04EC0-301F-11D3-BF4B-00C04F79EFBC}") = "CosmanLab2", "CosmanLab2.csproj", "{9F679D0E-0DDF-49BF-B582-F84659856BE1}"
EndProject
Global
	GlobalSection(SolutionConfigurationPlatforms) = preSolution
		Debug|Any CPU = Debug|Any CPU
		Release|Any CPU = Release|Any CPU
	EndGlobalSection
	GlobalSection(ProjectConfigurationPlatforms) = postSolution
		{9F679D0E-0DDF-49BF-B582-F84659856BE1}.Debug|Any CPU.ActiveCfg = Debug|Any CPU
		{9F679D0E-0DDF-49BF-B582-F84659856BE1}.Debug|Any CPU.Build.0 = Debug|Any CPU
		{9F679D0E-0DDF-49BF-B582-F84659856BE1}.Release|Any CPU.ActiveCfg = Release|Any CPU
		{9F679D0E-0DDF-49BF-B582-F84659856BE1}.Release|Any CPU.Build.0 = Release|Any CPU
	EndGlobalSection
	GlobalSection(SolutionProperties) = preSolution
		HideSolutionNode = FALSE
	EndGlobalSection
	GlobalSection(ExtensibilityGlobals) = postSolution
		SolutionGuid = {0DD41CB7-8B39-44E8-A6B2-1183E7150EAD}
	EndGlobalSection
EndGlobal
